PODS:
  - VACalendar (1.1.6)

DEPENDENCIES:
  - VACalendar (from `/Users/vodolazkyi/Desktop/VACalendar`)

EXTERNAL SOURCES:
  VACalendar:
    :path: /Users/vodolazkyi/Desktop/VACalendar

SPEC CHECKSUMS:
  VACalendar: 1eb63ce53d53b9a229a774782e6994896366b45d

PODFILE CHECKSUM: 0fe24206b9c08d68d5313b9c67832f57a3360189

COCOAPODS: 1.4.0
